
Microsoft Visual Studio Solution File, Format Version 12.00
# Visual Studio Version 17
VisualStudioVersion = 17.13.35931.197
MinimumVisualStudioVersion = 10.0.40219.1
Project("{FAE04EC0-301F-11D3-BF4B-00C04F79EFBC}") = "APIRelay", "APIRelay.csproj", "{21E1A3EE-126C-D4C6-7DCB-E7F2256CE6A4}"
EndProject
Project("{FAE04EC0-301F-11D3-BF4B-00C04F79EFBC}") = "APIRelay.Tests", "APIRelay.Tests\APIRelay.Tests.csproj", "{8BFE906E-540A-4857-A892-209B7E21324A}"
EndProject
Global
	GlobalSection(SolutionConfigurationPlatforms) = preSolution
		Debug|Any CPU = Debug|Any CPU
		Debug|x64 = Debug|x64
		Debug|x86 = Debug|x86
		Release|Any CPU = Release|Any CPU
		Release|x64 = Release|x64
		Release|x86 = Release|x86
	EndGlobalSection
	GlobalSection(ProjectConfigurationPlatforms) = postSolution
		{21E1A3EE-126C-D4C6-7DCB-E7F2256CE6A4}.Debug|Any CPU.ActiveCfg = Debug|Any CPU
		{21E1A3EE-126C-D4C6-7DCB-E7F2256CE6A4}.Debug|Any CPU.Build.0 = Debug|Any CPU
		{21E1A3EE-126C-D4C6-7DCB-E7F2256CE6A4}.Debug|x64.ActiveCfg = Debug|Any CPU
		{21E1A3EE-126C-D4C6-7DCB-E7F2256CE6A4}.Debug|x64.Build.0 = Debug|Any CPU
		{21E1A3EE-126C-D4C6-7DCB-E7F2256CE6A4}.Debug|x86.ActiveCfg = Debug|Any CPU
		{21E1A3EE-126C-D4C6-7DCB-E7F2256CE6A4}.Debug|x86.Build.0 = Debug|Any CPU
		{21E1A3EE-126C-D4C6-7DCB-E7F2256CE6A4}.Release|Any CPU.ActiveCfg = Release|Any CPU
		{21E1A3EE-126C-D4C6-7DCB-E7F2256CE6A4}.Release|Any CPU.Build.0 = Release|Any CPU
		{21E1A3EE-126C-D4C6-7DCB-E7F2256CE6A4}.Release|x64.ActiveCfg = Release|Any CPU
		{21E1A3EE-126C-D4C6-7DCB-E7F2256CE6A4}.Release|x64.Build.0 = Release|Any CPU
		{21E1A3EE-126C-D4C6-7DCB-E7F2256CE6A4}.Release|x86.ActiveCfg = Release|Any CPU
		{21E1A3EE-126C-D4C6-7DCB-E7F2256CE6A4}.Release|x86.Build.0 = Release|Any CPU
		{8BFE906E-540A-4857-A892-209B7E21324A}.Debug|Any CPU.ActiveCfg = Debug|Any CPU
		{8BFE906E-540A-4857-A892-209B7E21324A}.Debug|Any CPU.Build.0 = Debug|Any CPU
		{8BFE906E-540A-4857-A892-209B7E21324A}.Debug|x64.ActiveCfg = Debug|Any CPU
		{8BFE906E-540A-4857-A892-209B7E21324A}.Debug|x64.Build.0 = Debug|Any CPU
		{8BFE906E-540A-4857-A892-209B7E21324A}.Debug|x86.ActiveCfg = Debug|Any CPU
		{8BFE906E-540A-4857-A892-209B7E21324A}.Debug|x86.Build.0 = Debug|Any CPU
		{8BFE906E-540A-4857-A892-209B7E21324A}.Release|Any CPU.ActiveCfg = Release|Any CPU
		{8BFE906E-540A-4857-A892-209B7E21324A}.Release|Any CPU.Build.0 = Release|Any CPU
		{8BFE906E-540A-4857-A892-209B7E21324A}.Release|x64.ActiveCfg = Release|Any CPU
		{8BFE906E-540A-4857-A892-209B7E21324A}.Release|x64.Build.0 = Release|Any CPU
		{8BFE906E-540A-4857-A892-209B7E21324A}.Release|x86.ActiveCfg = Release|Any CPU
		{8BFE906E-540A-4857-A892-209B7E21324A}.Release|x86.Build.0 = Release|Any CPU
	EndGlobalSection
	GlobalSection(SolutionProperties) = preSolution
		HideSolutionNode = FALSE
	EndGlobalSection
	GlobalSection(ExtensibilityGlobals) = postSolution
		SolutionGuid = {DE393584-7F12-4283-ADEC-BDD09F322D56}
	EndGlobalSection
EndGlobal
